
Microsoft Visual Studio Solution File, Format Version 12.00
# Visual Studio Version 16
VisualStudioVersion = 16.0.32228.343
MinimumVisualStudioVersion = 10.0.40219.1
Project("{8BC9CEB8-8B4A-11D0-8D11-00A0C91BC942}") = "PublicationAssignment", "PublicationAssignment.vcxproj", "{8BE8E0E4-C2CA-4887-B6D7-EC576ABFF289}"
EndProject
Global
	GlobalSection(SolutionConfigurationPlatforms) = preSolution
		Debug|x64 = Debug|x64
		Debug|x86 = Debug|x86
		Release|x64 = Release|x64
		Release|x86 = Release|x86
	EndGlobalSection
	GlobalSection(ProjectConfigurationPlatforms) = postSolution
		{8BE8E0E4-C2CA-4887-B6D7-EC576ABFF289}.Debug|x64.ActiveCfg = Debug|x64
		{8BE8E0E4-C2CA-4887-B6D7-EC576ABFF289}.Debug|x64.Build.0 = Debug|x64
		{8BE8E0E4-C2CA-4887-B6D7-EC576ABFF289}.Debug|x86.ActiveCfg = Debug|Win32
		{8BE8E0E4-C2CA-4887-B6D7-EC576ABFF289}.Debug|x86.Build.0 = Debug|Win32
		{8BE8E0E4-C2CA-4887-B6D7-EC576ABFF289}.Release|x64.ActiveCfg = Release|x64
		{8BE8E0E4-C2CA-4887-B6D7-EC576ABFF289}.Release|x64.Build.0 = Release|x64
		{8BE8E0E4-C2CA-4887-B6D7-EC576ABFF289}.Release|x86.ActiveCfg = Release|Win32
		{8BE8E0E4-C2CA-4887-B6D7-EC576ABFF289}.Release|x86.Build.0 = Release|Win32
	EndGlobalSection
	GlobalSection(SolutionProperties) = preSolution
		HideSolutionNode = FALSE
	EndGlobalSection
	GlobalSection(ExtensibilityGlobals) = postSolution
		SolutionGuid = {289A104B-46F5-4100-B022-6F718A67DDFD}
	EndGlobalSection
EndGlobal
